// !$*UTF8*$!
{
	archiveVersion = 1;
	classes = {
	};
	objectVersion = 46;
	objects = {

/* Begin PBXBuildFile section */
		7119205018F350C200F00437 /* libupnpx.a in Frameworks */ = {isa = PBXBuildFile; fileRef = 7119204F18F350C200F00437 /* libupnpx.a */; };
		7119205518F3A49600F00437 /* LITBLEDevice.m in Sources */ = {isa = PBXBuildFile; fileRef = 7119205418F3A49600F00437 /* LITBLEDevice.m */; };
		7119205B18F3A8E600F00437 /* LITLANDevice.m in Sources */ = {isa = PBXBuildFile; fileRef = 7119205A18F3A8E600F00437 /* LITLANDevice.m */; };
		7119206018F3AD1200F00437 /* LITUPnPDevice.m in Sources */ = {isa = PBXBuildFile; fileRef = 7119205F18F3AD1200F00437 /* LITUPnPDevice.m */; };
		717ECD9E18DB63A00057D7CD /* CoreBluetooth.framework in Frameworks */ = {isa = PBXBuildFile; fileRef = 717ECD9D18DB63A00057D7CD /* CoreBluetooth.framework */; };
		717ECDA818DD4C2F0057D7CD /* libstdc++.6.0.9.dylib in Frameworks */ = {isa = PBXBuildFile; fileRef = 717ECDA718DD4C2F0057D7CD /* libstdc++.6.0.9.dylib */; };
		7190E21318F74CA800045A65 /* LITOptionsViewController.m in Sources */ = {isa = PBXBuildFile; fileRef = 7190E21218F74CA800045A65 /* LITOptionsViewController.m */; };
		7190E21518F7B30A00045A65 /* Social.framework in Frameworks */ = {isa = PBXBuildFile; fileRef = 7190E21418F7B30A00045A65 /* Social.framework */; };
		7190E21718F7BF1300045A65 /* MessageUI.framework in Frameworks */ = {isa = PBXBuildFile; fileRef = 7190E21618F7BF1300045A65 /* MessageUI.framework */; };
		7190E21A18FA4FF600045A65 /* DeviceListViewCell.m in Sources */ = {isa = PBXBuildFile; fileRef = 7190E21918FA4FF600045A65 /* DeviceListViewCell.m */; };
		71A2B7DE18FCECCA00EED59C /* LITDeviceReviewViewController.m in Sources */ = {isa = PBXBuildFile; fileRef = 71A2B7DD18FCECCA00EED59C /* LITDeviceReviewViewController.m */; };
		71A2B7E718FF23C100EED59C /* CoreData.framework in Frameworks */ = {isa = PBXBuildFile; fileRef = 71A2B7E618FF23C100EED59C /* CoreData.framework */; };
		71A2B7EA18FF39AC00EED59C /* CoreDataModel.xcdatamodeld in Sources */ = {isa = PBXBuildFile; fileRef = 71A2B7E818FF39AC00EED59C /* CoreDataModel.xcdatamodeld */; };
		71A2B83118FF481400EED59C /* Review.m in Sources */ = {isa = PBXBuildFile; fileRef = 71A2B83018FF481400EED59C /* Review.m */; };
		71A2B83418FFB07B00EED59C /* DeviceReviewListViewCell.m in Sources */ = {isa = PBXBuildFile; fileRef = 71A2B83318FFB07B00EED59C /* DeviceReviewListViewCell.m */; };
		71A2B83A19039A6C00EED59C /* Reachability.m in Sources */ = {isa = PBXBuildFile; fileRef = 71A2B83919039A6C00EED59C /* Reachability.m */; };
		71BA7B8618F261A400F51A75 /* ScanLAN.m in Sources */ = {isa = PBXBuildFile; fileRef = 71BA7B8118F261A400F51A75 /* ScanLAN.m */; };
		71BA7B8718F261A400F51A75 /* SimplePing.m in Sources */ = {isa = PBXBuildFile; fileRef = 71BA7B8318F261A400F51A75 /* SimplePing.m */; settings = {COMPILER_FLAGS = "-fno-objc-arc"; }; };
		71BA7B8818F261A400F51A75 /* SimplePingHelper.m in Sources */ = {isa = PBXBuildFile; fileRef = 71BA7B8518F261A400F51A75 /* SimplePingHelper.m */; settings = {COMPILER_FLAGS = "-fno-objc-arc"; }; };
		71D3492E188767D400AC5537 /* LITDevice.m in Sources */ = {isa = PBXBuildFile; fileRef = 71D3492D188767D400AC5537 /* LITDevice.m */; };
		71FA04091883B40C005914EA /* Foundation.framework in Frameworks */ = {isa = PBXBuildFile; fileRef = 71FA04081883B40C005914EA /* Foundation.framework */; };
		71FA040B1883B40C005914EA /* CoreGraphics.framework in Frameworks */ = {isa = PBXBuildFile; fileRef = 71FA040A1883B40C005914EA /* CoreGraphics.framework */; };
		71FA040D1883B40C005914EA /* UIKit.framework in Frameworks */ = {isa = PBXBuildFile; fileRef = 71FA040C1883B40C005914EA /* UIKit.framework */; };
		71FA04131883B40C005914EA /* InfoPlist.strings in Resources */ = {isa = PBXBuildFile; fileRef = 71FA04111883B40C005914EA /* InfoPlist.strings */; };
		71FA04151883B40C005914EA /* main.m in Sources */ = {isa = PBXBuildFile; fileRef = 71FA04141883B40C005914EA /* main.m */; };
		71FA04191883B40C005914EA /* AppDelegate.m in Sources */ = {isa = PBXBuildFile; fileRef = 71FA04181883B40C005914EA /* AppDelegate.m */; };
		71FA041B1883B40C005914EA /* Images.xcassets in Resources */ = {isa = PBXBuildFile; fileRef = 71FA041A1883B40C005914EA /* Images.xcassets */; };
		71FA04221883B40C005914EA /* XCTest.framework in Frameworks */ = {isa = PBXBuildFile; fileRef = 71FA04211883B40C005914EA /* XCTest.framework */; };
		71FA04231883B40C005914EA /* Foundation.framework in Frameworks */ = {isa = PBXBuildFile; fileRef = 71FA04081883B40C005914EA /* Foundation.framework */; };
		71FA04241883B40C005914EA /* UIKit.framework in Frameworks */ = {isa = PBXBuildFile; fileRef = 71FA040C1883B40C005914EA /* UIKit.framework */; };
		71FA042C1883B40C005914EA /* InfoPlist.strings in Resources */ = {isa = PBXBuildFile; fileRef = 71FA042A1883B40C005914EA /* InfoPlist.strings */; };
		71FA042E1883B40C005914EA /* ToDoListTests.m in Sources */ = {isa = PBXBuildFile; fileRef = 71FA042D1883B40C005914EA /* ToDoListTests.m */; };
		71FA043818850421005914EA /* Main.storyboard in Resources */ = {isa = PBXBuildFile; fileRef = 71FA043718850421005914EA /* Main.storyboard */; };
		71FA043B1885D6EE005914EA /* LITDeviceDetailViewController.m in Sources */ = {isa = PBXBuildFile; fileRef = 71FA043A1885D6EE005914EA /* LITDeviceDetailViewController.m */; };
		71FA04411885E035005914EA /* LITDeviceListViewController.m in Sources */ = {isa = PBXBuildFile; fileRef = 71FA04401885E035005914EA /* LITDeviceListViewController.m */; };
/* End PBXBuildFile section */

/* Begin PBXContainerItemProxy section */
		71FA04251883B40C005914EA /* PBXContainerItemProxy */ = {
			isa = PBXContainerItemProxy;
			containerPortal = 71FA03FD1883B40B005914EA /* Project object */;
			proxyType = 1;
			remoteGlobalIDString = 71FA04041883B40B005914EA;
			remoteInfo = ToDoList;
		};
/* End PBXContainerItemProxy section */

/* Begin PBXFileReference section */
		7119204F18F350C200F00437 /* libupnpx.a */ = {isa = PBXFileReference; lastKnownFileType = archive.ar; path = libupnpx.a; sourceTree = "<group>"; };
		7119205318F3A49600F00437 /* LITBLEDevice.h */ = {isa = PBXFileReference; fileEncoding = 4; lastKnownFileType = sourcecode.c.h; path = LITBLEDevice.h; sourceTree = "<group>"; };
		7119205418F3A49600F00437 /* LITBLEDevice.m */ = {isa = PBXFileReference; fileEncoding = 4; lastKnownFileType = sourcecode.c.objc; path = LITBLEDevice.m; sourceTree = "<group>"; };
		7119205918F3A8E600F00437 /* LITLANDevice.h */ = {isa = PBXFileReference; fileEncoding = 4; lastKnownFileType = sourcecode.c.h; path = LITLANDevice.h; sourceTree = "<group>"; };
		7119205A18F3A8E600F00437 /* LITLANDevice.m */ = {isa = PBXFileReference; fileEncoding = 4; lastKnownFileType = sourcecode.c.objc; path = LITLANDevice.m; sourceTree = "<group>"; };
		7119205E18F3AD1200F00437 /* LITUPnPDevice.h */ = {isa = PBXFileReference; fileEncoding = 4; lastKnownFileType = sourcecode.c.h; path = LITUPnPDevice.h; sourceTree = "<group>"; };
		7119205F18F3AD1200F00437 /* LITUPnPDevice.m */ = {isa = PBXFileReference; fileEncoding = 4; lastKnownFileType = sourcecode.c.objc; path = LITUPnPDevice.m; sourceTree = "<group>"; };
		717ECD9D18DB63A00057D7CD /* CoreBluetooth.framework */ = {isa = PBXFileReference; lastKnownFileType = wrapper.framework; name = CoreBluetooth.framework; path = System/Library/Frameworks/CoreBluetooth.framework; sourceTree = SDKROOT; };
		717ECDA718DD4C2F0057D7CD /* libstdc++.6.0.9.dylib */ = {isa = PBXFileReference; lastKnownFileType = "compiled.mach-o.dylib"; path = "libstdc++.6.0.9.dylib"; sourceTree = "<group>"; };
		7190E21118F74CA800045A65 /* LITOptionsViewController.h */ = {isa = PBXFileReference; fileEncoding = 4; lastKnownFileType = sourcecode.c.h; path = LITOptionsViewController.h; sourceTree = "<group>"; };
		7190E21218F74CA800045A65 /* LITOptionsViewController.m */ = {isa = PBXFileReference; fileEncoding = 4; lastKnownFileType = sourcecode.c.objc; path = LITOptionsViewController.m; sourceTree = "<group>"; };
		7190E21418F7B30A00045A65 /* Social.framework */ = {isa = PBXFileReference; lastKnownFileType = wrapper.framework; name = Social.framework; path = System/Library/Frameworks/Social.framework; sourceTree = SDKROOT; };
		7190E21618F7BF1300045A65 /* MessageUI.framework */ = {isa = PBXFileReference; lastKnownFileType = wrapper.framework; name = MessageUI.framework; path = System/Library/Frameworks/MessageUI.framework; sourceTree = SDKROOT; };
		7190E21818FA4FF600045A65 /* DeviceListViewCell.h */ = {isa = PBXFileReference; fileEncoding = 4; lastKnownFileType = sourcecode.c.h; path = DeviceListViewCell.h; sourceTree = "<group>"; };
		7190E21918FA4FF600045A65 /* DeviceListViewCell.m */ = {isa = PBXFileReference; fileEncoding = 4; lastKnownFileType = sourcecode.c.objc; path = DeviceListViewCell.m; sourceTree = "<group>"; };
		71A2B7DC18FCECCA00EED59C /* LITDeviceReviewViewController.h */ = {isa = PBXFileReference; fileEncoding = 4; lastKnownFileType = sourcecode.c.h; path = LITDeviceReviewViewController.h; sourceTree = "<group>"; };
		71A2B7DD18FCECCA00EED59C /* LITDeviceReviewViewController.m */ = {isa = PBXFileReference; fileEncoding = 4; lastKnownFileType = sourcecode.c.objc; path = LITDeviceReviewViewController.m; sourceTree = "<group>"; };
		71A2B7E618FF23C100EED59C /* CoreData.framework */ = {isa = PBXFileReference; lastKnownFileType = wrapper.framework; name = CoreData.framework; path = System/Library/Frameworks/CoreData.framework; sourceTree = SDKROOT; };
		71A2B7E918FF39AC00EED59C /* CoreDataModel.xcdatamodel */ = {isa = PBXFileReference; lastKnownFileType = wrapper.xcdatamodel; path = CoreDataModel.xcdatamodel; sourceTree = "<group>"; };
		71A2B82F18FF481400EED59C /* Review.h */ = {isa = PBXFileReference; fileEncoding = 4; lastKnownFileType = sourcecode.c.h; name = Review.h; path = ../Review.h; sourceTree = "<group>"; };
		71A2B83018FF481400EED59C /* Review.m */ = {isa = PBXFileReference; fileEncoding = 4; lastKnownFileType = sourcecode.c.objc; name = Review.m; path = ../Review.m; sourceTree = "<group>"; };
		71A2B83218FFB07B00EED59C /* DeviceReviewListViewCell.h */ = {isa = PBXFileReference; fileEncoding = 4; lastKnownFileType = sourcecode.c.h; path = DeviceReviewListViewCell.h; sourceTree = "<group>"; };
		71A2B83318FFB07B00EED59C /* DeviceReviewListViewCell.m */ = {isa = PBXFileReference; fileEncoding = 4; lastKnownFileType = sourcecode.c.objc; path = DeviceReviewListViewCell.m; sourceTree = "<group>"; };
		71A2B83819039A6400EED59C /* Reachability.h */ = {isa = PBXFileReference; lastKnownFileType = sourcecode.c.h; path = Reachability.h; sourceTree = "<group>"; };
		71A2B83919039A6C00EED59C /* Reachability.m */ = {isa = PBXFileReference; fileEncoding = 4; lastKnownFileType = sourcecode.c.objc; path = Reachability.m; sourceTree = "<group>"; };
		71BA7B8018F261A400F51A75 /* ScanLAN.h */ = {isa = PBXFileReference; fileEncoding = 4; lastKnownFileType = sourcecode.c.h; path = ScanLAN.h; sourceTree = "<group>"; };
		71BA7B8118F261A400F51A75 /* ScanLAN.m */ = {isa = PBXFileReference; fileEncoding = 4; lastKnownFileType = sourcecode.c.objc; path = ScanLAN.m; sourceTree = "<group>"; };
		71BA7B8218F261A400F51A75 /* SimplePing.h */ = {isa = PBXFileReference; fileEncoding = 4; lastKnownFileType = sourcecode.c.h; path = SimplePing.h; sourceTree = "<group>"; };
		71BA7B8318F261A400F51A75 /* SimplePing.m */ = {isa = PBXFileReference; fileEncoding = 4; lastKnownFileType = sourcecode.c.objc; path = SimplePing.m; sourceTree = "<group>"; };
		71BA7B8418F261A400F51A75 /* SimplePingHelper.h */ = {isa = PBXFileReference; fileEncoding = 4; lastKnownFileType = sourcecode.c.h; path = SimplePingHelper.h; sourceTree = "<group>"; };
		71BA7B8518F261A400F51A75 /* SimplePingHelper.m */ = {isa = PBXFileReference; fileEncoding = 4; lastKnownFileType = sourcecode.c.objc; path = SimplePingHelper.m; sourceTree = "<group>"; };
		71D3492C188767D400AC5537 /* LITDevice.h */ = {isa = PBXFileReference; fileEncoding = 4; lastKnownFileType = sourcecode.c.h; name = LITDevice.h; path = ../LITDevice.h; sourceTree = "<group>"; };
		71D3492D188767D400AC5537 /* LITDevice.m */ = {isa = PBXFileReference; fileEncoding = 4; lastKnownFileType = sourcecode.c.objc; name = LITDevice.m; path = ../LITDevice.m; sourceTree = "<group>"; };
		71FA04051883B40C005914EA /* Lithouse.app */ = {isa = PBXFileReference; explicitFileType = wrapper.application; includeInIndex = 0; path = Lithouse.app; sourceTree = BUILT_PRODUCTS_DIR; };
		71FA04081883B40C005914EA /* Foundation.framework */ = {isa = PBXFileReference; lastKnownFileType = wrapper.framework; name = Foundation.framework; path = System/Library/Frameworks/Foundation.framework; sourceTree = SDKROOT; };
		71FA040A1883B40C005914EA /* CoreGraphics.framework */ = {isa = PBXFileReference; lastKnownFileType = wrapper.framework; name = CoreGraphics.framework; path = System/Library/Frameworks/CoreGraphics.framework; sourceTree = SDKROOT; };
		71FA040C1883B40C005914EA /* UIKit.framework */ = {isa = PBXFileReference; lastKnownFileType = wrapper.framework; name = UIKit.framework; path = System/Library/Frameworks/UIKit.framework; sourceTree = SDKROOT; };
		71FA04101883B40C005914EA /* ToDoList-Info.plist */ = {isa = PBXFileReference; lastKnownFileType = text.plist.xml; path = "ToDoList-Info.plist"; sourceTree = "<group>"; };
		71FA04121883B40C005914EA /* en */ = {isa = PBXFileReference; lastKnownFileType = text.plist.strings; name = en; path = en.lproj/InfoPlist.strings; sourceTree = "<group>"; };
		71FA04141883B40C005914EA /* main.m */ = {isa = PBXFileReference; lastKnownFileType = sourcecode.c.objc; path = main.m; sourceTree = "<group>"; };
		71FA04161883B40C005914EA /* ToDoList-Prefix.pch */ = {isa = PBXFileReference; lastKnownFileType = sourcecode.c.h; path = "ToDoList-Prefix.pch"; sourceTree = "<group>"; };
		71FA04171883B40C005914EA /* AppDelegate.h */ = {isa = PBXFileReference; lastKnownFileType = sourcecode.c.h; path = AppDelegate.h; sourceTree = "<group>"; };
		71FA04181883B40C005914EA /* AppDelegate.m */ = {isa = PBXFileReference; lastKnownFileType = sourcecode.c.objc; path = AppDelegate.m; sourceTree = "<group>"; };
		71FA041A1883B40C005914EA /* Images.xcassets */ = {isa = PBXFileReference; lastKnownFileType = folder.assetcatalog; path = Images.xcassets; sourceTree = "<group>"; };
		71FA04201883B40C005914EA /* ToDoListTests.xctest */ = {isa = PBXFileReference; explicitFileType = wrapper.cfbundle; includeInIndex = 0; path = ToDoListTests.xctest; sourceTree = BUILT_PRODUCTS_DIR; };
		71FA04211883B40C005914EA /* XCTest.framework */ = {isa = PBXFileReference; lastKnownFileType = wrapper.framework; name = XCTest.framework; path = Library/Frameworks/XCTest.framework; sourceTree = DEVELOPER_DIR; };
		71FA04291883B40C005914EA /* ToDoListTests-Info.plist */ = {isa = PBXFileReference; lastKnownFileType = text.plist.xml; path = "ToDoListTests-Info.plist"; sourceTree = "<group>"; };
		71FA042B1883B40C005914EA /* en */ = {isa = PBXFileReference; lastKnownFileType = text.plist.strings; name = en; path = en.lproj/InfoPlist.strings; sourceTree = "<group>"; };
		71FA042D1883B40C005914EA /* ToDoListTests.m */ = {isa = PBXFileReference; lastKnownFileType = sourcecode.c.objc; path = ToDoListTests.m; sourceTree = "<group>"; };
		71FA043718850421005914EA /* Main.storyboard */ = {isa = PBXFileReference; fileEncoding = 4; lastKnownFileType = file.storyboard; path = Main.storyboard; sourceTree = "<group>"; };
		71FA04391885D6EE005914EA /* LITDeviceDetailViewController.h */ = {isa = PBXFileReference; fileEncoding = 4; lastKnownFileType = sourcecode.c.h; path = LITDeviceDetailViewController.h; sourceTree = "<group>"; };
		71FA043A1885D6EE005914EA /* LITDeviceDetailViewController.m */ = {isa = PBXFileReference; fileEncoding = 4; lastKnownFileType = sourcecode.c.objc; path = LITDeviceDetailViewController.m; sourceTree = "<group>"; };
		71FA043F1885E035005914EA /* LITDeviceListViewController.h */ = {isa = PBXFileReference; fileEncoding = 4; lastKnownFileType = sourcecode.c.h; name = LITDeviceListViewController.h; path = ../LITDeviceListViewController.h; sourceTree = "<group>"; };
		71FA04401885E035005914EA /* LITDeviceListViewController.m */ = {isa = PBXFileReference; fileEncoding = 4; lastKnownFileType = sourcecode.c.objc; name = LITDeviceListViewController.m; path = ../LITDeviceListViewController.m; sourceTree = "<group>"; };
/* End PBXFileReference section */

/* Begin PBXFrameworksBuildPhase section */
		71FA04021883B40B005914EA /* Frameworks */ = {
			isa = PBXFrameworksBuildPhase;
			buildActionMask = 2147483647;
			files = (
				71A2B7E718FF23C100EED59C /* CoreData.framework in Frameworks */,
				7190E21718F7BF1300045A65 /* MessageUI.framework in Frameworks */,
				7190E21518F7B30A00045A65 /* Social.framework in Frameworks */,
				717ECD9E18DB63A00057D7CD /* CoreBluetooth.framework in Frameworks */,
				71FA040B1883B40C005914EA /* CoreGraphics.framework in Frameworks */,
				71FA040D1883B40C005914EA /* UIKit.framework in Frameworks */,
				7119205018F350C200F00437 /* libupnpx.a in Frameworks */,
				71FA04091883B40C005914EA /* Foundation.framework in Frameworks */,
				717ECDA818DD4C2F0057D7CD /* libstdc++.6.0.9.dylib in Frameworks */,
			);
			runOnlyForDeploymentPostprocessing = 0;
		};
		71FA041D1883B40C005914EA /* Frameworks */ = {
			isa = PBXFrameworksBuildPhase;
			buildActionMask = 2147483647;
			files = (
				71FA04221883B40C005914EA /* XCTest.framework in Frameworks */,
				71FA04241883B40C005914EA /* UIKit.framework in Frameworks */,
				71FA04231883B40C005914EA /* Foundation.framework in Frameworks */,
			);
			runOnlyForDeploymentPostprocessing = 0;
		};
/* End PBXFrameworksBuildPhase section */

/* Begin PBXGroup section */
		7119205218F3A44D00F00437 /* Models */ = {
			isa = PBXGroup;
			children = (
				71A2B82F18FF481400EED59C /* Review.h */,
				71A2B83018FF481400EED59C /* Review.m */,
				71D3492C188767D400AC5537 /* LITDevice.h */,
				71D3492D188767D400AC5537 /* LITDevice.m */,
				7119205318F3A49600F00437 /* LITBLEDevice.h */,
				7119205418F3A49600F00437 /* LITBLEDevice.m */,
				7119205918F3A8E600F00437 /* LITLANDevice.h */,
				7119205A18F3A8E600F00437 /* LITLANDevice.m */,
				7119205E18F3AD1200F00437 /* LITUPnPDevice.h */,
				7119205F18F3AD1200F00437 /* LITUPnPDevice.m */,
			);
			name = Models;
			sourceTree = "<group>";
		};
		7119205D18F3A9EA00F00437 /* View Controllers */ = {
			isa = PBXGroup;
			children = (
				7190E21818FA4FF600045A65 /* DeviceListViewCell.h */,
				7190E21918FA4FF600045A65 /* DeviceListViewCell.m */,
				71FA043F1885E035005914EA /* LITDeviceListViewController.h */,
				71FA04401885E035005914EA /* LITDeviceListViewController.m */,
				71A2B83218FFB07B00EED59C /* DeviceReviewListViewCell.h */,
				71A2B83318FFB07B00EED59C /* DeviceReviewListViewCell.m */,
				71FA04391885D6EE005914EA /* LITDeviceDetailViewController.h */,
				71FA043A1885D6EE005914EA /* LITDeviceDetailViewController.m */,
				71A2B7DC18FCECCA00EED59C /* LITDeviceReviewViewController.h */,
				71A2B7DD18FCECCA00EED59C /* LITDeviceReviewViewController.m */,
				7190E21118F74CA800045A65 /* LITOptionsViewController.h */,
				7190E21218F74CA800045A65 /* LITOptionsViewController.m */,
			);
			name = "View Controllers";
			sourceTree = "<group>";
		};
		71BA7B7618F2231200F51A75 /* IPScan */ = {
			isa = PBXGroup;
			children = (
				71A2B83819039A6400EED59C /* Reachability.h */,
				71A2B83919039A6C00EED59C /* Reachability.m */,
				71BA7B8018F261A400F51A75 /* ScanLAN.h */,
				71BA7B8118F261A400F51A75 /* ScanLAN.m */,
				71BA7B8218F261A400F51A75 /* SimplePing.h */,
				71BA7B8318F261A400F51A75 /* SimplePing.m */,
				71BA7B8418F261A400F51A75 /* SimplePingHelper.h */,
				71BA7B8518F261A400F51A75 /* SimplePingHelper.m */,
			);
			name = IPScan;
			sourceTree = "<group>";
		};
		71FA03FC1883B40B005914EA = {
			isa = PBXGroup;
			children = (
				71FA040E1883B40C005914EA /* ToDoList */,
				71FA04271883B40C005914EA /* ToDoListTests */,
				71FA04071883B40C005914EA /* Frameworks */,
				71FA04061883B40C005914EA /* Products */,
			);
			sourceTree = "<group>";
		};
		71FA04061883B40C005914EA /* Products */ = {
			isa = PBXGroup;
			children = (
				71FA04051883B40C005914EA /* Lithouse.app */,
				71FA04201883B40C005914EA /* ToDoListTests.xctest */,
			);
			name = Products;
			sourceTree = "<group>";
		};
		71FA04071883B40C005914EA /* Frameworks */ = {
			isa = PBXGroup;
			children = (
				71A2B7E618FF23C100EED59C /* CoreData.framework */,
				7190E21618F7BF1300045A65 /* MessageUI.framework */,
				7190E21418F7B30A00045A65 /* Social.framework */,
				7119204F18F350C200F00437 /* libupnpx.a */,
				717ECDA718DD4C2F0057D7CD /* libstdc++.6.0.9.dylib */,
				717ECD9D18DB63A00057D7CD /* CoreBluetooth.framework */,
				71FA04081883B40C005914EA /* Foundation.framework */,
				71FA040A1883B40C005914EA /* CoreGraphics.framework */,
				71FA040C1883B40C005914EA /* UIKit.framework */,
				71FA04211883B40C005914EA /* XCTest.framework */,
			);
			name = Frameworks;
			sourceTree = "<group>";
		};
		71FA040E1883B40C005914EA /* ToDoList */ = {
			isa = PBXGroup;
			children = (
				7119205D18F3A9EA00F00437 /* View Controllers */,
				7119205218F3A44D00F00437 /* Models */,
				71BA7B7618F2231200F51A75 /* IPScan */,
				71FA04171883B40C005914EA /* AppDelegate.h */,
				71FA04181883B40C005914EA /* AppDelegate.m */,
				71A2B7E818FF39AC00EED59C /* CoreDataModel.xcdatamodeld */,
				71FA043718850421005914EA /* Main.storyboard */,
				71FA041A1883B40C005914EA /* Images.xcassets */,
				71FA040F1883B40C005914EA /* Supporting Files */,
			);
			path = ToDoList;
			sourceTree = "<group>";
		};
		71FA040F1883B40C005914EA /* Supporting Files */ = {
			isa = PBXGroup;
			children = (
				71FA04101883B40C005914EA /* ToDoList-Info.plist */,
				71FA04111883B40C005914EA /* InfoPlist.strings */,
				71FA04141883B40C005914EA /* main.m */,
				71FA04161883B40C005914EA /* ToDoList-Prefix.pch */,
			);
			name = "Supporting Files";
			sourceTree = "<group>";
		};
		71FA04271883B40C005914EA /* ToDoListTests */ = {
			isa = PBXGroup;
			children = (
				71FA042D1883B40C005914EA /* ToDoListTests.m */,
				71FA04281883B40C005914EA /* Supporting Files */,
			);
			path = ToDoListTests;
			sourceTree = "<group>";
		};
		71FA04281883B40C005914EA /* Supporting Files */ = {
			isa = PBXGroup;
			children = (
				71FA04291883B40C005914EA /* ToDoListTests-Info.plist */,
				71FA042A1883B40C005914EA /* InfoPlist.strings */,
			);
			name = "Supporting Files";
			sourceTree = "<group>";
		};
/* End PBXGroup section */

/* Begin PBXNativeTarget section */
		71FA04041883B40B005914EA /* ToDoList */ = {
			isa = PBXNativeTarget;
			buildConfigurationList = 71FA04311883B40C005914EA /* Build configuration list for PBXNativeTarget "ToDoList" */;
			buildPhases = (
				71FA04011883B40B005914EA /* Sources */,
				71FA04021883B40B005914EA /* Frameworks */,
				71FA04031883B40B005914EA /* Resources */,
			);
			buildRules = (
			);
			dependencies = (
			);
			name = ToDoList;
			productName = ToDoList;
			productReference = 71FA04051883B40C005914EA /* Lithouse.app */;
			productType = "com.apple.product-type.application";
		};
		71FA041F1883B40C005914EA /* ToDoListTests */ = {
			isa = PBXNativeTarget;
			buildConfigurationList = 71FA04341883B40C005914EA /* Build configuration list for PBXNativeTarget "ToDoListTests" */;
			buildPhases = (
				71FA041C1883B40C005914EA /* Sources */,
				71FA041D1883B40C005914EA /* Frameworks */,
				71FA041E1883B40C005914EA /* Resources */,
			);
			buildRules = (
			);
			dependencies = (
				71FA04261883B40C005914EA /* PBXTargetDependency */,
			);
			name = ToDoListTests;
			productName = ToDoListTests;
			productReference = 71FA04201883B40C005914EA /* ToDoListTests.xctest */;
			productType = "com.apple.product-type.bundle.unit-test";
		};
/* End PBXNativeTarget section */

/* Begin PBXProject section */
		71FA03FD1883B40B005914EA /* Project object */ = {
			isa = PBXProject;
			attributes = {
				LastUpgradeCheck = 0510;
				ORGANIZATIONNAME = "Shah Hossain";
				TargetAttributes = {
					71FA04041883B40B005914EA = {
						DevelopmentTeam = ZJ6D9WMT6L;
					};
					71FA041F1883B40C005914EA = {
						TestTargetID = 71FA04041883B40B005914EA;
					};
				};
			};
			buildConfigurationList = 71FA04001883B40B005914EA /* Build configuration list for PBXProject "ToDoList" */;
			compatibilityVersion = "Xcode 3.2";
			developmentRegion = English;
			hasScannedForEncodings = 0;
			knownRegions = (
				en,
				Base,
			);
			mainGroup = 71FA03FC1883B40B005914EA;
			productRefGroup = 71FA04061883B40C005914EA /* Products */;
			projectDirPath = "";
			projectRoot = "";
			targets = (
				71FA04041883B40B005914EA /* ToDoList */,
				71FA041F1883B40C005914EA /* ToDoListTests */,
			);
		};
/* End PBXProject section */

/* Begin PBXResourcesBuildPhase section */
		71FA04031883B40B005914EA /* Resources */ = {
			isa = PBXResourcesBuildPhase;
			buildActionMask = 2147483647;
			files = (
				71FA043818850421005914EA /* Main.storyboard in Resources */,
				71FA04131883B40C005914EA /* InfoPlist.strings in Resources */,
				71FA041B1883B40C005914EA /* Images.xcassets in Resources */,
			);
			runOnlyForDeploymentPostprocessing = 0;
		};
		71FA041E1883B40C005914EA /* Resources */ = {
			isa = PBXResourcesBuildPhase;
			buildActionMask = 2147483647;
			files = (
				71FA042C1883B40C005914EA /* InfoPlist.strings in Resources */,
			);
			runOnlyForDeploymentPostprocessing = 0;
		};
/* End PBXResourcesBuildPhase section */

/* Begin PBXSourcesBuildPhase section */
		71FA04011883B40B005914EA /* Sources */ = {
			isa = PBXSourcesBuildPhase;
			buildActionMask = 2147483647;
			files = (
				71A2B7DE18FCECCA00EED59C /* LITDeviceReviewViewController.m in Sources */,
				71A2B83418FFB07B00EED59C /* DeviceReviewListViewCell.m in Sources */,
				7190E21A18FA4FF600045A65 /* DeviceListViewCell.m in Sources */,
				71BA7B8618F261A400F51A75 /* ScanLAN.m in Sources */,
				7190E21318F74CA800045A65 /* LITOptionsViewController.m in Sources */,
				71FA04191883B40C005914EA /* AppDelegate.m in Sources */,
				71D3492E188767D400AC5537 /* LITDevice.m in Sources */,
				71A2B7EA18FF39AC00EED59C /* CoreDataModel.xcdatamodeld in Sources */,
				71FA04151883B40C005914EA /* main.m in Sources */,
				7119205518F3A49600F00437 /* LITBLEDevice.m in Sources */,
				71FA04411885E035005914EA /* LITDeviceListViewController.m in Sources */,
				7119206018F3AD1200F00437 /* LITUPnPDevice.m in Sources */,
				71BA7B8818F261A400F51A75 /* SimplePingHelper.m in Sources */,
				71BA7B8718F261A400F51A75 /* SimplePing.m in Sources */,
				71A2B83118FF481400EED59C /* Review.m in Sources */,
				7119205B18F3A8E600F00437 /* LITLANDevice.m in Sources */,
				71A2B83A19039A6C00EED59C /* Reachability.m in Sources */,
				71FA043B1885D6EE005914EA /* LITDeviceDetailViewController.m in Sources */,
			);
			runOnlyForDeploymentPostprocessing = 0;
		};
		71FA041C1883B40C005914EA /* Sources */ = {
			isa = PBXSourcesBuildPhase;
			buildActionMask = 2147483647;
			files = (
				71FA042E1883B40C005914EA /* ToDoListTests.m in Sources */,
			);
			runOnlyForDeploymentPostprocessing = 0;
		};
/* End PBXSourcesBuildPhase section */

/* Begin PBXTargetDependency section */
		71FA04261883B40C005914EA /* PBXTargetDependency */ = {
			isa = PBXTargetDependency;
			target = 71FA04041883B40B005914EA /* ToDoList */;
			targetProxy = 71FA04251883B40C005914EA /* PBXContainerItemProxy */;
		};
/* End PBXTargetDependency section */

/* Begin PBXVariantGroup section */
		71FA04111883B40C005914EA /* InfoPlist.strings */ = {
			isa = PBXVariantGroup;
			children = (
				71FA04121883B40C005914EA /* en */,
			);
			name = InfoPlist.strings;
			sourceTree = "<group>";
		};
		71FA042A1883B40C005914EA /* InfoPlist.strings */ = {
			isa = PBXVariantGroup;
			children = (
				71FA042B1883B40C005914EA /* en */,
			);
			name = InfoPlist.strings;
			sourceTree = "<group>";
		};
/* End PBXVariantGroup section */

/* Begin XCBuildConfiguration section */
		71FA042F1883B40C005914EA /* Debug */ = {
			isa = XCBuildConfiguration;
			buildSettings = {
				ALWAYS_SEARCH_USER_PATHS = NO;
				CLANG_CXX_LANGUAGE_STANDARD = "gnu++0x";
				CLANG_CXX_LIBRARY = "libc++";
				CLANG_ENABLE_MODULES = YES;
				CLANG_ENABLE_OBJC_ARC = YES;
				CLANG_WARN_BOOL_CONVERSION = YES;
				CLANG_WARN_CONSTANT_CONVERSION = YES;
				CLANG_WARN_DIRECT_OBJC_ISA_USAGE = YES_ERROR;
				CLANG_WARN_EMPTY_BODY = YES;
				CLANG_WARN_ENUM_CONVERSION = YES;
				CLANG_WARN_INT_CONVERSION = YES;
				CLANG_WARN_OBJC_ROOT_CLASS = YES_ERROR;
				CLANG_WARN__DUPLICATE_METHOD_MATCH = YES;
				"CODE_SIGN_IDENTITY[sdk=iphoneos*]" = "iPhone Developer";
				COPY_PHASE_STRIP = NO;
				GCC_C_LANGUAGE_STANDARD = gnu99;
				GCC_DYNAMIC_NO_PIC = NO;
				GCC_OPTIMIZATION_LEVEL = 0;
				GCC_PREPROCESSOR_DEFINITIONS = (
					"DEBUG=1",
					"$(inherited)",
				);
				GCC_SYMBOLS_PRIVATE_EXTERN = NO;
				GCC_WARN_64_TO_32_BIT_CONVERSION = YES;
				GCC_WARN_ABOUT_RETURN_TYPE = YES_ERROR;
				GCC_WARN_UNDECLARED_SELECTOR = YES;
				GCC_WARN_UNINITIALIZED_AUTOS = YES;
				GCC_WARN_UNUSED_FUNCTION = YES;
				GCC_WARN_UNUSED_VARIABLE = YES;
				IPHONEOS_DEPLOYMENT_TARGET = 7.1;
				ONLY_ACTIVE_ARCH = YES;
				SDKROOT = iphoneos;
			};
			name = Debug;
		};
		71FA04301883B40C005914EA /* Release */ = {
			isa = XCBuildConfiguration;
			buildSettings = {
				ALWAYS_SEARCH_USER_PATHS = NO;
				CLANG_CXX_LANGUAGE_STANDARD = "gnu++0x";
				CLANG_CXX_LIBRARY = "libc++";
				CLANG_ENABLE_MODULES = YES;
				CLANG_ENABLE_OBJC_ARC = YES;
				CLANG_WARN_BOOL_CONVERSION = YES;
				CLANG_WARN_CONSTANT_CONVERSION = YES;
				CLANG_WARN_DIRECT_OBJC_ISA_USAGE = YES_ERROR;
				CLANG_WARN_EMPTY_BODY = YES;
				CLANG_WARN_ENUM_CONVERSION = YES;
				CLANG_WARN_INT_CONVERSION = YES;
				CLANG_WARN_OBJC_ROOT_CLASS = YES_ERROR;
				CLANG_WARN__DUPLICATE_METHOD_MATCH = YES;
				"CODE_SIGN_IDENTITY[sdk=iphoneos*]" = "iPhone Developer";
				COPY_PHASE_STRIP = YES;
				ENABLE_NS_ASSERTIONS = NO;
				GCC_C_LANGUAGE_STANDARD = gnu99;
				GCC_WARN_64_TO_32_BIT_CONVERSION = YES;
				GCC_WARN_ABOUT_RETURN_TYPE = YES_ERROR;
				GCC_WARN_UNDECLARED_SELECTOR = YES;
				GCC_WARN_UNINITIALIZED_AUTOS = YES;
				GCC_WARN_UNUSED_FUNCTION = YES;
				GCC_WARN_UNUSED_VARIABLE = YES;
				IPHONEOS_DEPLOYMENT_TARGET = 7.1;
				SDKROOT = iphoneos;
				VALIDATE_PRODUCT = YES;
			};
			name = Release;
		};
		71FA04321883B40C005914EA /* Debug */ = {
			isa = XCBuildConfiguration;
			buildSettings = {
				ALWAYS_SEARCH_USER_PATHS = YES;
				ASSETCATALOG_COMPILER_APPICON_NAME = AppIcon;
				ASSETCATALOG_COMPILER_LAUNCHIMAGE_NAME = LaunchImage;
				CODE_SIGN_IDENTITY = "iPhone Developer";
				"CODE_SIGN_IDENTITY[sdk=iphoneos*]" = "iPhone Developer";
				GCC_PRECOMPILE_PREFIX_HEADER = YES;
				GCC_PREFIX_HEADER = "ToDoList/ToDoList-Prefix.pch";
				INFOPLIST_FILE = "ToDoList/ToDoList-Info.plist";
				LIBRARY_SEARCH_PATHS = (
					"$(inherited)",
					"$(PROJECT_DIR)",
				);
				PRODUCT_NAME = Lithouse;
				PROVISIONING_PROFILE = "";
				USER_HEADER_SEARCH_PATHS = "/Users/shah/Downloads/upnpx-primer-master/upnpx/api";
				WRAPPER_EXTENSION = app;
			};
			name = Debug;
		};
		71FA04331883B40C005914EA /* Release */ = {
			isa = XCBuildConfiguration;
			buildSettings = {
				ALWAYS_SEARCH_USER_PATHS = YES;
				ASSETCATALOG_COMPILER_APPICON_NAME = AppIcon;
				ASSETCATALOG_COMPILER_LAUNCHIMAGE_NAME = LaunchImage;
				CODE_SIGN_IDENTITY = "iPhone Developer";
				"CODE_SIGN_IDENTITY[sdk=iphoneos*]" = "iPhone Developer";
				GCC_PRECOMPILE_PREFIX_HEADER = YES;
				GCC_PREFIX_HEADER = "ToDoList/ToDoList-Prefix.pch";
				INFOPLIST_FILE = "ToDoList/ToDoList-Info.plist";
				LIBRARY_SEARCH_PATHS = (
					"$(inherited)",
					"$(PROJECT_DIR)",
				);
				PRODUCT_NAME = Lithouse;
				PROVISIONING_PROFILE = "";
				USER_HEADER_SEARCH_PATHS = "/Users/shah/Downloads/upnpx-primer-master/upnpx/api";
				WRAPPER_EXTENSION = app;
			};
			name = Release;
		};
		71FA04351883B40C005914EA /* Debug */ = {
			isa = XCBuildConfiguration;
			buildSettings = {
				BUNDLE_LOADER = "$(BUILT_PRODUCTS_DIR)/ToDoList.app/ToDoList";
				FRAMEWORK_SEARCH_PATHS = (
					"$(SDKROOT)/Developer/Library/Frameworks",
					"$(inherited)",
					"$(DEVELOPER_FRAMEWORKS_DIR)",
				);
				GCC_PRECOMPILE_PREFIX_HEADER = YES;
				GCC_PREFIX_HEADER = "ToDoList/ToDoList-Prefix.pch";
				GCC_PREPROCESSOR_DEFINITIONS = (
					"DEBUG=1",
					"$(inherited)",
				);
				INFOPLIST_FILE = "ToDoListTests/ToDoListTests-Info.plist";
				PRODUCT_NAME = "$(TARGET_NAME)";
				TEST_HOST = "$(BUNDLE_LOADER)";
				WRAPPER_EXTENSION = xctest;
			};
			name = Debug;
		};
		71FA04361883B40C005914EA /* Release */ = {
			isa = XCBuildConfiguration;
			buildSettings = {
				BUNDLE_LOADER = "$(BUILT_PRODUCTS_DIR)/ToDoList.app/ToDoList";
				FRAMEWORK_SEARCH_PATHS = (
					"$(SDKROOT)/Developer/Library/Frameworks",
					"$(inherited)",
					"$(DEVELOPER_FRAMEWORKS_DIR)",
				);
				GCC_PRECOMPILE_PREFIX_HEADER = YES;
				GCC_PREFIX_HEADER = "ToDoList/ToDoList-Prefix.pch";
				INFOPLIST_FILE = "ToDoListTests/ToDoListTests-Info.plist";
				PRODUCT_NAME = "$(TARGET_NAME)";
				TEST_HOST = "$(BUNDLE_LOADER)";
				WRAPPER_EXTENSION = xctest;
			};
			name = Release;
		};
/* End XCBuildConfiguration section */

/* Begin XCConfigurationList section */
		71FA04001883B40B005914EA /* Build configuration list for PBXProject "ToDoList" */ = {
			isa = XCConfigurationList;
			buildConfigurations = (
				71FA042F1883B40C005914EA /* Debug */,
				71FA04301883B40C005914EA /* Release */,
			);
			defaultConfigurationIsVisible = 0;
			defaultConfigurationName = Release;
		};
		71FA04311883B40C005914EA /* Build configuration list for PBXNativeTarget "ToDoList" */ = {
			isa = XCConfigurationList;
			buildConfigurations = (
				71FA04321883B40C005914EA /* Debug */,
				71FA04331883B40C005914EA /* Release */,
			);
			defaultConfigurationIsVisible = 0;
			defaultConfigurationName = Release;
		};
		71FA04341883B40C005914EA /* Build configuration list for PBXNativeTarget "ToDoListTests" */ = {
			isa = XCConfigurationList;
			buildConfigurations = (
				71FA04351883B40C005914EA /* Debug */,
				71FA04361883B40C005914EA /* Release */,
			);
			defaultConfigurationIsVisible = 0;
			defaultConfigurationName = Release;
		};
/* End XCConfigurationList section */

/* Begin XCVersionGroup section */
		71A2B7E818FF39AC00EED59C /* CoreDataModel.xcdatamodeld */ = {
			isa = XCVersionGroup;
			children = (
				71A2B7E918FF39AC00EED59C /* CoreDataModel.xcdatamodel */,
			);
			currentVersion = 71A2B7E918FF39AC00EED59C /* CoreDataModel.xcdatamodel */;
			path = CoreDataModel.xcdatamodeld;
			sourceTree = "<group>";
			versionGroupType = wrapper.xcdatamodel;
		};
/* End XCVersionGroup section */
	};
	rootObject = 71FA03FD1883B40B005914EA /* Project object */;
}
